
Microsoft Visual Studio Solution File, Format Version 12.00
# Visual Studio Version 16
VisualStudioVersion = 16.0.32510.428
MinimumVisualStudioVersion = 10.0.40219.1
Project("{9A19103F-16F7-4668-BE54-9A1E7A4F7556}") = "BookStore Management System BE", "BookStore Management System BE\BookStore Management System BE.csproj", "{042211BA-C891-48E3-983F-EC0E23ECE3ED}"
EndProject
Project("{FAE04EC0-301F-11D3-BF4B-00C04F79EFBC}") = "Repository Layer", "Repository Layer\Repository Layer.csproj", "{BED7285B-ABB9-4569-8DC3-B9D006D990E1}"
EndProject
Project("{FAE04EC0-301F-11D3-BF4B-00C04F79EFBC}") = "Common Layer", "Common Layer\Common Layer.csproj", "{9795EFA8-9D56-47AC-91DD-682478481B0E}"
EndProject
Global
	GlobalSection(SolutionConfigurationPlatforms) = preSolution
		Debug|Any CPU = Debug|Any CPU
		Release|Any CPU = Release|Any CPU
	EndGlobalSection
	GlobalSection(ProjectConfigurationPlatforms) = postSolution
		{042211BA-C891-48E3-983F-EC0E23ECE3ED}.Debug|Any CPU.ActiveCfg = Debug|Any CPU
		{042211BA-C891-48E3-983F-EC0E23ECE3ED}.Debug|Any CPU.Build.0 = Debug|Any CPU
		{042211BA-C891-48E3-983F-EC0E23ECE3ED}.Release|Any CPU.ActiveCfg = Release|Any CPU
		{042211BA-C891-48E3-983F-EC0E23ECE3ED}.Release|Any CPU.Build.0 = Release|Any CPU
		{BED7285B-ABB9-4569-8DC3-B9D006D990E1}.Debug|Any CPU.ActiveCfg = Debug|Any CPU
		{BED7285B-ABB9-4569-8DC3-B9D006D990E1}.Debug|Any CPU.Build.0 = Debug|Any CPU
		{BED7285B-ABB9-4569-8DC3-B9D006D990E1}.Release|Any CPU.ActiveCfg = Release|Any CPU
		{BED7285B-ABB9-4569-8DC3-B9D006D990E1}.Release|Any CPU.Build.0 = Release|Any CPU
		{9795EFA8-9D56-47AC-91DD-682478481B0E}.Debug|Any CPU.ActiveCfg = Debug|Any CPU
		{9795EFA8-9D56-47AC-91DD-682478481B0E}.Debug|Any CPU.Build.0 = Debug|Any CPU
		{9795EFA8-9D56-47AC-91DD-682478481B0E}.Release|Any CPU.ActiveCfg = Release|Any CPU
		{9795EFA8-9D56-47AC-91DD-682478481B0E}.Release|Any CPU.Build.0 = Release|Any CPU
	EndGlobalSection
	GlobalSection(SolutionProperties) = preSolution
		HideSolutionNode = FALSE
	EndGlobalSection
	GlobalSection(ExtensibilityGlobals) = postSolution
		SolutionGuid = {815AF362-F164-4855-B0A0-CBD8DCCFFCC2}
	EndGlobalSection
EndGlobal
